// !$*UTF8*$!
{
	archiveVersion = 1;
	classes = {
	};
	objectVersion = 77;
	objects = {

/* Begin PBXBuildFile section */
		821FF99C2E64B056003E9B3E /* AlertManager.swift in Sources */ = {isa = PBXBuildFile; fileRef = 821FF99B2E64B056003E9B3E /* AlertManager.swift */; };
		821FF9A02E64B07E003E9B3E /* AlertContentModel.swift in Sources */ = {isa = PBXBuildFile; fileRef = 821FF99F2E64B07E003E9B3E /* AlertContentModel.swift */; };
		821FF9A62E64B0C2003E9B3E /* UIWindow.swift in Sources */ = {isa = PBXBuildFile; fileRef = 821FF9A52E64B0C2003E9B3E /* UIWindow.swift */; };
		821FF9A82E64B0F2003E9B3E /* UINavigationController.swift in Sources */ = {isa = PBXBuildFile; fileRef = 821FF9A72E64B0F2003E9B3E /* UINavigationController.swift */; };
		821FF9AA2E64B10C003E9B3E /* UIViewController.swift in Sources */ = {isa = PBXBuildFile; fileRef = 821FF9A92E64B10C003E9B3E /* UIViewController.swift */; };
		821FF9B82E64B322003E9B3E /* AlertModifier.swift in Sources */ = {isa = PBXBuildFile; fileRef = 821FF9B72E64B322003E9B3E /* AlertModifier.swift */; };
		822A44322E400EC500B5CF32 /* UIApplication.swift in Sources */ = {isa = PBXBuildFile; fileRef = 822A44312E400EC500B5CF32 /* UIApplication.swift */; };
		822A44342E4019D400B5CF32 /* DBCategoriyView.swift in Sources */ = {isa = PBXBuildFile; fileRef = 822A44332E4019D400B5CF32 /* DBCategoriyView.swift */; };
		8239CD672E50F1D7009CBED6 /* HomeCollectionView.swift in Sources */ = {isa = PBXBuildFile; fileRef = 8239CD662E50F1D7009CBED6 /* HomeCollectionView.swift */; };
		8239CD6A2E50F2E4009CBED6 /* ContentHomeCollectionView.swift in Sources */ = {isa = PBXBuildFile; fileRef = 8239CD692E50F2E4009CBED6 /* ContentHomeCollectionView.swift */; };
		823BCBD82E456482007E542C /* ScrollSized.swift in Sources */ = {isa = PBXBuildFile; fileRef = 823BCBD72E456482007E542C /* ScrollSized.swift */; };
		8242881E2E305730000E12EB /* RequestParametersView.swift in Sources */ = {isa = PBXBuildFile; fileRef = 8242881D2E305730000E12EB /* RequestParametersView.swift */; };
		82555A642E46834600B69554 /* ResponsePreviewModel.swift in Sources */ = {isa = PBXBuildFile; fileRef = 82555A632E46834600B69554 /* ResponsePreviewModel.swift */; };
		82719AFF2E5BB4CD00176AE4 /* CircularProgressView.swift in Sources */ = {isa = PBXBuildFile; fileRef = 82719AFE2E5BB4CD00176AE4 /* CircularProgressView.swift */; };
		82719B0D2E5CE9D700176AE4 /* LoadingTextualView.swift in Sources */ = {isa = PBXBuildFile; fileRef = 82719B0C2E5CE9D700176AE4 /* LoadingTextualView.swift */; };
		82719B0F2E5CEB8E00176AE4 /* CardCompletionView.swift in Sources */ = {isa = PBXBuildFile; fileRef = 82719B0E2E5CEB8E00176AE4 /* CardCompletionView.swift */; };
		82719B112E5DC07400176AE4 /* OverlayNoteView.swift in Sources */ = {isa = PBXBuildFile; fileRef = 82719B102E5DC07400176AE4 /* OverlayNoteView.swift */; };
		82719B162E5DF84200176AE4 /* SidebarModifier.swift in Sources */ = {isa = PBXBuildFile; fileRef = 82719B152E5DF84200176AE4 /* SidebarModifier.swift */; };
		82719B182E5DF9AB00176AE4 /* SideBarView.swift in Sources */ = {isa = PBXBuildFile; fileRef = 82719B172E5DF9AB00176AE4 /* SideBarView.swift */; };
		82719B242E5E0E9A00176AE4 /* PinchMaskedScrollModifierModel.swift in Sources */ = {isa = PBXBuildFile; fileRef = 82719B232E5E0E9A00176AE4 /* PinchMaskedScrollModifierModel.swift */; };
		82A963BF2E59F45400F2A7A4 /* StartsSKSceneView.swift in Sources */ = {isa = PBXBuildFile; fileRef = 82A963BE2E59F45400F2A7A4 /* StartsSKSceneView.swift */; };
		82AF8B822E2D2C4000CC3FAD /* Decodable+Encodable.swift in Sources */ = {isa = PBXBuildFile; fileRef = 82AF8B682E2D2C4000CC3FAD /* Decodable+Encodable.swift */; };
		82AF8B832E2D2C4000CC3FAD /* String.swift in Sources */ = {isa = PBXBuildFile; fileRef = 82AF8B692E2D2C4000CC3FAD /* String.swift */; };
		82AF8B842E2D2C4000CC3FAD /* AdviceResponse.swift in Sources */ = {isa = PBXBuildFile; fileRef = 82AF8B6B2E2D2C4000CC3FAD /* AdviceResponse.swift */; };
		82AF8B852E2D2C4000CC3FAD /* CategoriesResponse.swift in Sources */ = {isa = PBXBuildFile; fileRef = 82AF8B6C2E2D2C4000CC3FAD /* CategoriesResponse.swift */; };
		82AF8B862E2D2C4000CC3FAD /* NetworkResponse.swift in Sources */ = {isa = PBXBuildFile; fileRef = 82AF8B6D2E2D2C4000CC3FAD /* NetworkResponse.swift */; };
		82AF8B872E2D2C4000CC3FAD /* NetworkRequest.swift in Sources */ = {isa = PBXBuildFile; fileRef = 82AF8B6F2E2D2C4000CC3FAD /* NetworkRequest.swift */; };
		82AF8B882E2D2C4000CC3FAD /* Request.swift in Sources */ = {isa = PBXBuildFile; fileRef = 82AF8B702E2D2C4000CC3FAD /* Request.swift */; };
		82AF8B892E2D2C4000CC3FAD /* SqueezeRequest.swift in Sources */ = {isa = PBXBuildFile; fileRef = 82AF8B712E2D2C4000CC3FAD /* SqueezeRequest.swift */; };
		82AF8B8A2E2D2C4000CC3FAD /* NetworkModel.swift in Sources */ = {isa = PBXBuildFile; fileRef = 82AF8B732E2D2C4000CC3FAD /* NetworkModel.swift */; };
		82AF8B8B2E2D2C4000CC3FAD /* CollectionView.swift in Sources */ = {isa = PBXBuildFile; fileRef = 82AF8B752E2D2C4000CC3FAD /* CollectionView.swift */; };
		82AF8B8C2E2D2C4000CC3FAD /* CollectionViewCell.swift in Sources */ = {isa = PBXBuildFile; fileRef = 82AF8B762E2D2C4000CC3FAD /* CollectionViewCell.swift */; };
		82AF8B8D2E2D2C4000CC3FAD /* HomeView.swift in Sources */ = {isa = PBXBuildFile; fileRef = 82AF8B792E2D2C4000CC3FAD /* HomeView.swift */; };
		82AF8B8E2E2D2C4000CC3FAD /* LocalDataBaseManager.swift in Sources */ = {isa = PBXBuildFile; fileRef = 82AF8B7B2E2D2C4000CC3FAD /* LocalDataBaseManager.swift */; };
		82AF8B8F2E2D2C4000CC3FAD /* Keys.swift in Sources */ = {isa = PBXBuildFile; fileRef = 82AF8B7D2E2D2C4000CC3FAD /* Keys.swift */; };
		82AF8B902E2D2C4000CC3FAD /* SqueezeGeneratorApp.swift in Sources */ = {isa = PBXBuildFile; fileRef = 82AF8B7F2E2D2C4000CC3FAD /* SqueezeGeneratorApp.swift */; };
		82AF8B912E2D2C4000CC3FAD /* StorekitModel.swift in Sources */ = {isa = PBXBuildFile; fileRef = 82AF8B802E2D2C4000CC3FAD /* StorekitModel.swift */; };
		82AF8B922E2D2C4000CC3FAD /* Assets.xcassets in Resources */ = {isa = PBXBuildFile; fileRef = 82AF8B7C2E2D2C4000CC3FAD /* Assets.xcassets */; };
		82AF8B962E2D51D900CC3FAD /* HomeBackgroundView.swift in Sources */ = {isa = PBXBuildFile; fileRef = 82AF8B952E2D51D900CC3FAD /* HomeBackgroundView.swift */; };
		82AF8B992E2DCE2600CC3FAD /* ClearBackgroundView.swift in Sources */ = {isa = PBXBuildFile; fileRef = 82AF8B982E2DCE2600CC3FAD /* ClearBackgroundView.swift */; };
		82BA0D0E2E48168B009ECC61 /* CollectionData.swift in Sources */ = {isa = PBXBuildFile; fileRef = 82BA0D0D2E48168B009ECC61 /* CollectionData.swift */; };
		82BA0D112E484692009ECC61 /* ScrollReaderModifier.swift in Sources */ = {isa = PBXBuildFile; fileRef = 82BA0D102E484692009ECC61 /* ScrollReaderModifier.swift */; };
		82BA0D132E487230009ECC61 /* View.swift in Sources */ = {isa = PBXBuildFile; fileRef = 82BA0D122E487230009ECC61 /* View.swift */; };
		82BA0D152E48737F009ECC61 /* CGFloat.swift in Sources */ = {isa = PBXBuildFile; fileRef = 82BA0D142E48737F009ECC61 /* CGFloat.swift */; };
		82BA0D172E4873AD009ECC61 /* Configuration.swift in Sources */ = {isa = PBXBuildFile; fileRef = 82BA0D162E4873AD009ECC61 /* Configuration.swift */; };
		82BA0D1A2E487428009ECC61 /* Padding_Configuration.swift in Sources */ = {isa = PBXBuildFile; fileRef = 82BA0D192E487428009ECC61 /* Padding_Configuration.swift */; };
		82BA0D1C2E487447009ECC61 /* Opacity_Configuration.swift in Sources */ = {isa = PBXBuildFile; fileRef = 82BA0D1B2E487447009ECC61 /* Opacity_Configuration.swift */; };
		82BA0D1F2E4876C5009ECC61 /* Font_Configuration.swift in Sources */ = {isa = PBXBuildFile; fileRef = 82BA0D1E2E4876C5009ECC61 /* Font_Configuration.swift */; };
		82BA0D212E4877D6009ECC61 /* Font.swift in Sources */ = {isa = PBXBuildFile; fileRef = 82BA0D202E4877D6009ECC61 /* Font.swift */; };
		82BA59442E301EFB009B8913 /* TextView.swift in Sources */ = {isa = PBXBuildFile; fileRef = 82BA59432E301EFB009B8913 /* TextView.swift */; };
		82BA59462E301F12009B8913 /* DBCategoriyNavView.swift in Sources */ = {isa = PBXBuildFile; fileRef = 82BA59452E301F12009B8913 /* DBCategoriyNavView.swift */; };
		82BA594A2E301F3C009B8913 /* DBDetailView.swift in Sources */ = {isa = PBXBuildFile; fileRef = 82BA59492E301F3C009B8913 /* DBDetailView.swift */; };
		82BA594C2E301F54009B8913 /* SqueezeView.swift in Sources */ = {isa = PBXBuildFile; fileRef = 82BA594B2E301F54009B8913 /* SqueezeView.swift */; };
		82BA594E2E301F7C009B8913 /* ResultView.swift in Sources */ = {isa = PBXBuildFile; fileRef = 82BA594D2E301F7C009B8913 /* ResultView.swift */; };
		82BA59502E301FD1009B8913 /* NavigationRout.swift in Sources */ = {isa = PBXBuildFile; fileRef = 82BA594F2E301FD1009B8913 /* NavigationRout.swift */; };
		82BA59522E30222D009B8913 /* HomeViewModel.swift in Sources */ = {isa = PBXBuildFile; fileRef = 82BA59512E30222D009B8913 /* HomeViewModel.swift */; };
		82C5E61A2E36DB3400A5EE27 /* AttributedLabel.swift in Sources */ = {isa = PBXBuildFile; fileRef = 82C5E6192E36DB3400A5EE27 /* AttributedLabel.swift */; };
		82C5E61C2E36F81E00A5EE27 /* BlurView.swift in Sources */ = {isa = PBXBuildFile; fileRef = 82C5E61B2E36F81E00A5EE27 /* BlurView.swift */; };
		82CDB6EF2E5E545B00EE5CC4 /* MenuIconShape.swift in Sources */ = {isa = PBXBuildFile; fileRef = 82CDB6EE2E5E545B00EE5CC4 /* MenuIconShape.swift */; };
		82CDB7102E5F62D300EE5CC4 /* TutorialNavigationView.swift in Sources */ = {isa = PBXBuildFile; fileRef = 82CDB70F2E5F62D300EE5CC4 /* TutorialNavigationView.swift */; };
		82CDB7132E5F62FD00EE5CC4 /* TutorialModifier.swift in Sources */ = {isa = PBXBuildFile; fileRef = 82CDB7122E5F62FD00EE5CC4 /* TutorialModifier.swift */; };
		82CDB7162E5F78B600EE5CC4 /* AppServiceManager.swift in Sources */ = {isa = PBXBuildFile; fileRef = 82CDB7152E5F78B600EE5CC4 /* AppServiceManager.swift */; };
		82CDB7182E5F78E000EE5CC4 /* TutorialManager.swift in Sources */ = {isa = PBXBuildFile; fileRef = 82CDB7172E5F78E000EE5CC4 /* TutorialManager.swift */; };
		82CDB71A2E5F7B3600EE5CC4 /* TutorialTargetViewModifier.swift in Sources */ = {isa = PBXBuildFile; fileRef = 82CDB7192E5F7B3600EE5CC4 /* TutorialTargetViewModifier.swift */; };
		82CDB71C2E5F81B100EE5CC4 /* TapThroughtModifier.swift in Sources */ = {isa = PBXBuildFile; fileRef = 82CDB71B2E5F81B100EE5CC4 /* TapThroughtModifier.swift */; };
		82CE1E872E4FE09C008F28E8 /* HomeIllustrutionView.swift in Sources */ = {isa = PBXBuildFile; fileRef = 82CE1E862E4FE09C008F28E8 /* HomeIllustrutionView.swift */; };
		82E570652E34203F00922F5B /* CardsView.swift in Sources */ = {isa = PBXBuildFile; fileRef = 82E570642E34203E00922F5B /* CardsView.swift */; };
		82E570672E342A7400922F5B /* CardData.swift in Sources */ = {isa = PBXBuildFile; fileRef = 82E570662E342A7400922F5B /* CardData.swift */; };
		82E5706A2E342AC100922F5B /* UIColor.swift in Sources */ = {isa = PBXBuildFile; fileRef = 82E570692E342AC100922F5B /* UIColor.swift */; };
		82E5706D2E343A9100922F5B /* CardsViewModel.swift in Sources */ = {isa = PBXBuildFile; fileRef = 82E5706C2E343A9100922F5B /* CardsViewModel.swift */; };
		82E60ABA2E60C687004CAD0C /* WebView.swift in Sources */ = {isa = PBXBuildFile; fileRef = 82E60AB92E60C687004CAD0C /* WebView.swift */; };
		82E60ABC2E60C693004CAD0C /* SupportView.swift in Sources */ = {isa = PBXBuildFile; fileRef = 82E60ABB2E60C693004CAD0C /* SupportView.swift */; };
		82E60ABE2E616160004CAD0C /* AlertView.swift in Sources */ = {isa = PBXBuildFile; fileRef = 82E60ABD2E616160004CAD0C /* AlertView.swift */; };
		82E60AC52E62405A004CAD0C /* NavigationBackgroundModifier.swift in Sources */ = {isa = PBXBuildFile; fileRef = 82E60AC42E62405A004CAD0C /* NavigationBackgroundModifier.swift */; };
/* End PBXBuildFile section */

/* Begin PBXContainerItemProxy section */
		82A4420A2E256DD90086D5CE /* PBXContainerItemProxy */ = {
			isa = PBXContainerItemProxy;
			containerPortal = 82A441F32E256DD80086D5CE /* Project object */;
			proxyType = 1;
			remoteGlobalIDString = 82A441FA2E256DD80086D5CE;
			remoteInfo = SqueezeGenerator;
		};
		82A442142E256DD90086D5CE /* PBXContainerItemProxy */ = {
			isa = PBXContainerItemProxy;
			containerPortal = 82A441F32E256DD80086D5CE /* Project object */;
			proxyType = 1;
			remoteGlobalIDString = 82A441FA2E256DD80086D5CE;
			remoteInfo = SqueezeGenerator;
		};
/* End PBXContainerItemProxy section */

/* Begin PBXFileReference section */
		821FF99B2E64B056003E9B3E /* AlertManager.swift */ = {isa = PBXFileReference; lastKnownFileType = sourcecode.swift; path = AlertManager.swift; sourceTree = "<group>"; };
		821FF99F2E64B07E003E9B3E /* AlertContentModel.swift */ = {isa = PBXFileReference; lastKnownFileType = sourcecode.swift; path = AlertContentModel.swift; sourceTree = "<group>"; };
		821FF9A52E64B0C2003E9B3E /* UIWindow.swift */ = {isa = PBXFileReference; lastKnownFileType = sourcecode.swift; path = UIWindow.swift; sourceTree = "<group>"; };
		821FF9A72E64B0F2003E9B3E /* UINavigationController.swift */ = {isa = PBXFileReference; lastKnownFileType = sourcecode.swift; path = UINavigationController.swift; sourceTree = "<group>"; };
		821FF9A92E64B10C003E9B3E /* UIViewController.swift */ = {isa = PBXFileReference; lastKnownFileType = sourcecode.swift; path = UIViewController.swift; sourceTree = "<group>"; };
		821FF9B72E64B322003E9B3E /* AlertModifier.swift */ = {isa = PBXFileReference; lastKnownFileType = sourcecode.swift; path = AlertModifier.swift; sourceTree = "<group>"; };
		822A44312E400EC500B5CF32 /* UIApplication.swift */ = {isa = PBXFileReference; lastKnownFileType = sourcecode.swift; path = UIApplication.swift; sourceTree = "<group>"; };
		822A44332E4019D400B5CF32 /* DBCategoriyView.swift */ = {isa = PBXFileReference; lastKnownFileType = sourcecode.swift; path = DBCategoriyView.swift; sourceTree = "<group>"; };
		8239CD662E50F1D7009CBED6 /* HomeCollectionView.swift */ = {isa = PBXFileReference; lastKnownFileType = sourcecode.swift; path = HomeCollectionView.swift; sourceTree = "<group>"; };
		8239CD692E50F2E4009CBED6 /* ContentHomeCollectionView.swift */ = {isa = PBXFileReference; lastKnownFileType = sourcecode.swift; path = ContentHomeCollectionView.swift; sourceTree = "<group>"; };
		823BCBD72E456482007E542C /* ScrollSized.swift */ = {isa = PBXFileReference; lastKnownFileType = sourcecode.swift; path = ScrollSized.swift; sourceTree = "<group>"; };
		8242881D2E305730000E12EB /* RequestParametersView.swift */ = {isa = PBXFileReference; lastKnownFileType = sourcecode.swift; path = RequestParametersView.swift; sourceTree = "<group>"; };
		82555A632E46834600B69554 /* ResponsePreviewModel.swift */ = {isa = PBXFileReference; lastKnownFileType = sourcecode.swift; path = ResponsePreviewModel.swift; sourceTree = "<group>"; };
		82719AFE2E5BB4CD00176AE4 /* CircularProgressView.swift */ = {isa = PBXFileReference; lastKnownFileType = sourcecode.swift; path = CircularProgressView.swift; sourceTree = "<group>"; };
		82719B0C2E5CE9D700176AE4 /* LoadingTextualView.swift */ = {isa = PBXFileReference; lastKnownFileType = sourcecode.swift; path = LoadingTextualView.swift; sourceTree = "<group>"; };
		82719B0E2E5CEB8E00176AE4 /* CardCompletionView.swift */ = {isa = PBXFileReference; lastKnownFileType = sourcecode.swift; path = CardCompletionView.swift; sourceTree = "<group>"; };
		82719B102E5DC07400176AE4 /* OverlayNoteView.swift */ = {isa = PBXFileReference; lastKnownFileType = sourcecode.swift; path = OverlayNoteView.swift; sourceTree = "<group>"; };
		82719B152E5DF84200176AE4 /* SidebarModifier.swift */ = {isa = PBXFileReference; lastKnownFileType = sourcecode.swift; path = SidebarModifier.swift; sourceTree = "<group>"; };
		82719B172E5DF9AB00176AE4 /* SideBarView.swift */ = {isa = PBXFileReference; lastKnownFileType = sourcecode.swift; path = SideBarView.swift; sourceTree = "<group>"; };
		82719B232E5E0E9A00176AE4 /* PinchMaskedScrollModifierModel.swift */ = {isa = PBXFileReference; lastKnownFileType = sourcecode.swift; path = PinchMaskedScrollModifierModel.swift; sourceTree = "<group>"; };
		82A441FB2E256DD80086D5CE /* SqueezeGenerator.app */ = {isa = PBXFileReference; explicitFileType = wrapper.application; includeInIndex = 0; path = SqueezeGenerator.app; sourceTree = BUILT_PRODUCTS_DIR; };
		82A442092E256DD90086D5CE /* SqueezeGeneratorTests.xctest */ = {isa = PBXFileReference; explicitFileType = wrapper.cfbundle; includeInIndex = 0; path = SqueezeGeneratorTests.xctest; sourceTree = BUILT_PRODUCTS_DIR; };
		82A442132E256DD90086D5CE /* SqueezeGeneratorUITests.xctest */ = {isa = PBXFileReference; explicitFileType = wrapper.cfbundle; includeInIndex = 0; path = SqueezeGeneratorUITests.xctest; sourceTree = BUILT_PRODUCTS_DIR; };
		82A963BE2E59F45400F2A7A4 /* StartsSKSceneView.swift */ = {isa = PBXFileReference; lastKnownFileType = sourcecode.swift; path = StartsSKSceneView.swift; sourceTree = "<group>"; };
		82AF8B682E2D2C4000CC3FAD /* Decodable+Encodable.swift */ = {isa = PBXFileReference; lastKnownFileType = sourcecode.swift; path = "Decodable+Encodable.swift"; sourceTree = "<group>"; };
		82AF8B692E2D2C4000CC3FAD /* String.swift */ = {isa = PBXFileReference; lastKnownFileType = sourcecode.swift; path = String.swift; sourceTree = "<group>"; };
		82AF8B6B2E2D2C4000CC3FAD /* AdviceResponse.swift */ = {isa = PBXFileReference; lastKnownFileType = sourcecode.swift; path = AdviceResponse.swift; sourceTree = "<group>"; };
		82AF8B6C2E2D2C4000CC3FAD /* CategoriesResponse.swift */ = {isa = PBXFileReference; lastKnownFileType = sourcecode.swift; path = CategoriesResponse.swift; sourceTree = "<group>"; };
		82AF8B6D2E2D2C4000CC3FAD /* NetworkResponse.swift */ = {isa = PBXFileReference; lastKnownFileType = sourcecode.swift; path = NetworkResponse.swift; sourceTree = "<group>"; };
		82AF8B6F2E2D2C4000CC3FAD /* NetworkRequest.swift */ = {isa = PBXFileReference; lastKnownFileType = sourcecode.swift; path = NetworkRequest.swift; sourceTree = "<group>"; };
		82AF8B702E2D2C4000CC3FAD /* Request.swift */ = {isa = PBXFileReference; lastKnownFileType = sourcecode.swift; path = Request.swift; sourceTree = "<group>"; };
		82AF8B712E2D2C4000CC3FAD /* SqueezeRequest.swift */ = {isa = PBXFileReference; lastKnownFileType = sourcecode.swift; path = SqueezeRequest.swift; sourceTree = "<group>"; };
		82AF8B732E2D2C4000CC3FAD /* NetworkModel.swift */ = {isa = PBXFileReference; lastKnownFileType = sourcecode.swift; path = NetworkModel.swift; sourceTree = "<group>"; };
		82AF8B752E2D2C4000CC3FAD /* CollectionView.swift */ = {isa = PBXFileReference; lastKnownFileType = sourcecode.swift; path = CollectionView.swift; sourceTree = "<group>"; };
		82AF8B762E2D2C4000CC3FAD /* CollectionViewCell.swift */ = {isa = PBXFileReference; lastKnownFileType = sourcecode.swift; path = CollectionViewCell.swift; sourceTree = "<group>"; };
		82AF8B792E2D2C4000CC3FAD /* HomeView.swift */ = {isa = PBXFileReference; lastKnownFileType = sourcecode.swift; path = HomeView.swift; sourceTree = "<group>"; };
		82AF8B7B2E2D2C4000CC3FAD /* LocalDataBaseManager.swift */ = {isa = PBXFileReference; lastKnownFileType = sourcecode.swift; path = LocalDataBaseManager.swift; sourceTree = "<group>"; };
		82AF8B7C2E2D2C4000CC3FAD /* Assets.xcassets */ = {isa = PBXFileReference; lastKnownFileType = folder.assetcatalog; path = Assets.xcassets; sourceTree = "<group>"; };
		82AF8B7D2E2D2C4000CC3FAD /* Keys.swift */ = {isa = PBXFileReference; lastKnownFileType = sourcecode.swift; path = Keys.swift; sourceTree = "<group>"; };
		82AF8B7E2E2D2C4000CC3FAD /* SqueezeGenerator.entitlements */ = {isa = PBXFileReference; lastKnownFileType = text.plist.entitlements; path = SqueezeGenerator.entitlements; sourceTree = "<group>"; };
		82AF8B7F2E2D2C4000CC3FAD /* SqueezeGeneratorApp.swift */ = {isa = PBXFileReference; lastKnownFileType = sourcecode.swift; path = SqueezeGeneratorApp.swift; sourceTree = "<group>"; };
		82AF8B802E2D2C4000CC3FAD /* StorekitModel.swift */ = {isa = PBXFileReference; lastKnownFileType = sourcecode.swift; path = StorekitModel.swift; sourceTree = "<group>"; };
		82AF8B952E2D51D900CC3FAD /* HomeBackgroundView.swift */ = {isa = PBXFileReference; lastKnownFileType = sourcecode.swift; path = HomeBackgroundView.swift; sourceTree = "<group>"; };
		82AF8B982E2DCE2600CC3FAD /* ClearBackgroundView.swift */ = {isa = PBXFileReference; lastKnownFileType = sourcecode.swift; path = ClearBackgroundView.swift; sourceTree = "<group>"; };
		82BA0D0D2E48168B009ECC61 /* CollectionData.swift */ = {isa = PBXFileReference; lastKnownFileType = sourcecode.swift; path = CollectionData.swift; sourceTree = "<group>"; };
		82BA0D102E484692009ECC61 /* ScrollReaderModifier.swift */ = {isa = PBXFileReference; lastKnownFileType = sourcecode.swift; path = ScrollReaderModifier.swift; sourceTree = "<group>"; };
		82BA0D122E487230009ECC61 /* View.swift */ = {isa = PBXFileReference; lastKnownFileType = sourcecode.swift; path = View.swift; sourceTree = "<group>"; };
		82BA0D142E48737F009ECC61 /* CGFloat.swift */ = {isa = PBXFileReference; lastKnownFileType = sourcecode.swift; path = CGFloat.swift; sourceTree = "<group>"; };
		82BA0D162E4873AD009ECC61 /* Configuration.swift */ = {isa = PBXFileReference; lastKnownFileType = sourcecode.swift; path = Configuration.swift; sourceTree = "<group>"; };
		82BA0D192E487428009ECC61 /* Padding_Configuration.swift */ = {isa = PBXFileReference; lastKnownFileType = sourcecode.swift; path = Padding_Configuration.swift; sourceTree = "<group>"; };
		82BA0D1B2E487447009ECC61 /* Opacity_Configuration.swift */ = {isa = PBXFileReference; lastKnownFileType = sourcecode.swift; path = Opacity_Configuration.swift; sourceTree = "<group>"; };
		82BA0D1E2E4876C5009ECC61 /* Font_Configuration.swift */ = {isa = PBXFileReference; lastKnownFileType = sourcecode.swift; path = Font_Configuration.swift; sourceTree = "<group>"; };
		82BA0D202E4877D6009ECC61 /* Font.swift */ = {isa = PBXFileReference; lastKnownFileType = sourcecode.swift; path = Font.swift; sourceTree = "<group>"; };
		82BA59432E301EFB009B8913 /* TextView.swift */ = {isa = PBXFileReference; lastKnownFileType = sourcecode.swift; path = TextView.swift; sourceTree = "<group>"; };
		82BA59452E301F12009B8913 /* DBCategoriyNavView.swift */ = {isa = PBXFileReference; lastKnownFileType = sourcecode.swift; path = DBCategoriyNavView.swift; sourceTree = "<group>"; };
		82BA59492E301F3C009B8913 /* DBDetailView.swift */ = {isa = PBXFileReference; lastKnownFileType = sourcecode.swift; path = DBDetailView.swift; sourceTree = "<group>"; };
		82BA594B2E301F54009B8913 /* SqueezeView.swift */ = {isa = PBXFileReference; lastKnownFileType = sourcecode.swift; path = SqueezeView.swift; sourceTree = "<group>"; };
		82BA594D2E301F7C009B8913 /* ResultView.swift */ = {isa = PBXFileReference; lastKnownFileType = sourcecode.swift; path = ResultView.swift; sourceTree = "<group>"; };
		82BA594F2E301FD1009B8913 /* NavigationRout.swift */ = {isa = PBXFileReference; lastKnownFileType = sourcecode.swift; path = NavigationRout.swift; sourceTree = "<group>"; };
		82BA59512E30222D009B8913 /* HomeViewModel.swift */ = {isa = PBXFileReference; lastKnownFileType = sourcecode.swift; path = HomeViewModel.swift; sourceTree = "<group>"; };
		82C5E6192E36DB3400A5EE27 /* AttributedLabel.swift */ = {isa = PBXFileReference; lastKnownFileType = sourcecode.swift; path = AttributedLabel.swift; sourceTree = "<group>"; };
		82C5E61B2E36F81E00A5EE27 /* BlurView.swift */ = {isa = PBXFileReference; lastKnownFileType = sourcecode.swift; path = BlurView.swift; sourceTree = "<group>"; };
		82CDB6EE2E5E545B00EE5CC4 /* MenuIconShape.swift */ = {isa = PBXFileReference; lastKnownFileType = sourcecode.swift; path = MenuIconShape.swift; sourceTree = "<group>"; };
		82CDB70F2E5F62D300EE5CC4 /* TutorialNavigationView.swift */ = {isa = PBXFileReference; lastKnownFileType = sourcecode.swift; path = TutorialNavigationView.swift; sourceTree = "<group>"; };
		82CDB7122E5F62FD00EE5CC4 /* TutorialModifier.swift */ = {isa = PBXFileReference; lastKnownFileType = sourcecode.swift; path = TutorialModifier.swift; sourceTree = "<group>"; };
		82CDB7152E5F78B600EE5CC4 /* AppServiceManager.swift */ = {isa = PBXFileReference; lastKnownFileType = sourcecode.swift; path = AppServiceManager.swift; sourceTree = "<group>"; };
		82CDB7172E5F78E000EE5CC4 /* TutorialManager.swift */ = {isa = PBXFileReference; lastKnownFileType = sourcecode.swift; path = TutorialManager.swift; sourceTree = "<group>"; };
		82CDB7192E5F7B3600EE5CC4 /* TutorialTargetViewModifier.swift */ = {isa = PBXFileReference; lastKnownFileType = sourcecode.swift; path = TutorialTargetViewModifier.swift; sourceTree = "<group>"; };
		82CDB71B2E5F81B100EE5CC4 /* TapThroughtModifier.swift */ = {isa = PBXFileReference; lastKnownFileType = sourcecode.swift; path = TapThroughtModifier.swift; sourceTree = "<group>"; };
		82CE1E862E4FE09C008F28E8 /* HomeIllustrutionView.swift */ = {isa = PBXFileReference; lastKnownFileType = sourcecode.swift; path = HomeIllustrutionView.swift; sourceTree = "<group>"; };
		82E570642E34203E00922F5B /* CardsView.swift */ = {isa = PBXFileReference; lastKnownFileType = sourcecode.swift; path = CardsView.swift; sourceTree = "<group>"; };
		82E570662E342A7400922F5B /* CardData.swift */ = {isa = PBXFileReference; lastKnownFileType = sourcecode.swift; path = CardData.swift; sourceTree = "<group>"; };
		82E570692E342AC100922F5B /* UIColor.swift */ = {isa = PBXFileReference; lastKnownFileType = sourcecode.swift; path = UIColor.swift; sourceTree = "<group>"; };
		82E5706C2E343A9100922F5B /* CardsViewModel.swift */ = {isa = PBXFileReference; lastKnownFileType = sourcecode.swift; path = CardsViewModel.swift; sourceTree = "<group>"; };
		82E60AB92E60C687004CAD0C /* WebView.swift */ = {isa = PBXFileReference; lastKnownFileType = sourcecode.swift; path = WebView.swift; sourceTree = "<group>"; };
		82E60ABB2E60C693004CAD0C /* SupportView.swift */ = {isa = PBXFileReference; lastKnownFileType = sourcecode.swift; path = SupportView.swift; sourceTree = "<group>"; };
		82E60ABD2E616160004CAD0C /* AlertView.swift */ = {isa = PBXFileReference; lastKnownFileType = sourcecode.swift; path = AlertView.swift; sourceTree = "<group>"; };
		82E60AC42E62405A004CAD0C /* NavigationBackgroundModifier.swift */ = {isa = PBXFileReference; lastKnownFileType = sourcecode.swift; path = NavigationBackgroundModifier.swift; sourceTree = "<group>"; };
/* End PBXFileReference section */

/* Begin PBXFileSystemSynchronizedRootGroup section */
		82A4420C2E256DD90086D5CE /* SqueezeGeneratorTests */ = {
			isa = PBXFileSystemSynchronizedRootGroup;
			path = SqueezeGeneratorTests;
			sourceTree = "<group>";
		};
		82A442162E256DD90086D5CE /* SqueezeGeneratorUITests */ = {
			isa = PBXFileSystemSynchronizedRootGroup;
			path = SqueezeGeneratorUITests;
			sourceTree = "<group>";
		};
/* End PBXFileSystemSynchronizedRootGroup section */

/* Begin PBXFrameworksBuildPhase section */
		82A441F82E256DD80086D5CE /* Frameworks */ = {
			isa = PBXFrameworksBuildPhase;
			buildActionMask = 2147483647;
			files = (
			);
			runOnlyForDeploymentPostprocessing = 0;
		};
		82A442062E256DD90086D5CE /* Frameworks */ = {
			isa = PBXFrameworksBuildPhase;
			buildActionMask = 2147483647;
			files = (
			);
			runOnlyForDeploymentPostprocessing = 0;
		};
		82A442102E256DD90086D5CE /* Frameworks */ = {
			isa = PBXFrameworksBuildPhase;
			buildActionMask = 2147483647;
			files = (
			);
			runOnlyForDeploymentPostprocessing = 0;
		};
/* End PBXFrameworksBuildPhase section */

/* Begin PBXGroup section */
		8239CD652E50F137009CBED6 /* Component */ = {
			isa = PBXGroup;
			children = (
				82AF8B952E2D51D900CC3FAD /* HomeBackgroundView.swift */,
				8239CD682E50F2AE009CBED6 /* HomeCollectionView */,
				82CE1E862E4FE09C008F28E8 /* HomeIllustrutionView.swift */,
			);
			path = Component;
			sourceTree = "<group>";
		};
		8239CD682E50F2AE009CBED6 /* HomeCollectionView */ = {
			isa = PBXGroup;
			children = (
				8239CD662E50F1D7009CBED6 /* HomeCollectionView.swift */,
				8239CD692E50F2E4009CBED6 /* ContentHomeCollectionView.swift */,
			);
			path = HomeCollectionView;
			sourceTree = "<group>";
		};
		823BCBD92E456487007E542C /* Model */ = {
			isa = PBXGroup;
			children = (
				823BCBD72E456482007E542C /* ScrollSized.swift */,
			);
			path = Model;
			sourceTree = "<group>";
		};
		82719B212E5E0E8200176AE4 /* SidebarModifier */ = {
			isa = PBXGroup;
			children = (
				82719B152E5DF84200176AE4 /* SidebarModifier.swift */,
				82719B232E5E0E9A00176AE4 /* PinchMaskedScrollModifierModel.swift */,
			);
			path = SidebarModifier;
			sourceTree = "<group>";
		};
		82719B222E5E0E8700176AE4 /* ViewModifier */ = {
			isa = PBXGroup;
			children = (
				82E60AC42E62405A004CAD0C /* NavigationBackgroundModifier.swift */,
				821FF9B72E64B322003E9B3E /* AlertModifier.swift */,
				82CDB7232E5FF0E100EE5CC4 /* TutorialModifier */,
				82CDB71D2E5F98E800EE5CC4 /* BaseModifier */,
				82719B212E5E0E8200176AE4 /* SidebarModifier */,
			);
			path = ViewModifier;
			sourceTree = "<group>";
		};
		82A441F22E256DD80086D5CE = {
			isa = PBXGroup;
			children = (
				82AF8B812E2D2C4000CC3FAD /* SqueezeGenerator */,
				82A4420C2E256DD90086D5CE /* SqueezeGeneratorTests */,
				82A442162E256DD90086D5CE /* SqueezeGeneratorUITests */,
				82A441FC2E256DD80086D5CE /* Products */,
			);
			sourceTree = "<group>";
		};
		82A441FC2E256DD80086D5CE /* Products */ = {
			isa = PBXGroup;
			children = (
				82A441FB2E256DD80086D5CE /* SqueezeGenerator.app */,
				82A442092E256DD90086D5CE /* SqueezeGeneratorTests.xctest */,
				82A442132E256DD90086D5CE /* SqueezeGeneratorUITests.xctest */,
			);
			name = Products;
			sourceTree = "<group>";
		};
		82A963C02E59F46F00F2A7A4 /* SKScene */ = {
			isa = PBXGroup;
			children = (
				82A963BE2E59F45400F2A7A4 /* StartsSKSceneView.swift */,
			);
			path = SKScene;
			sourceTree = "<group>";
		};
		82AF8B6A2E2D2C4000CC3FAD /* Extensions */ = {
			isa = PBXGroup;
			children = (
				82AF8B682E2D2C4000CC3FAD /* Decodable+Encodable.swift */,
				822A44312E400EC500B5CF32 /* UIApplication.swift */,
				82E570692E342AC100922F5B /* UIColor.swift */,
				82BA0D122E487230009ECC61 /* View.swift */,
				821FF9A52E64B0C2003E9B3E /* UIWindow.swift */,
				821FF9A72E64B0F2003E9B3E /* UINavigationController.swift */,
				821FF9A92E64B10C003E9B3E /* UIViewController.swift */,
				82AF8B692E2D2C4000CC3FAD /* String.swift */,
				82BA0D142E48737F009ECC61 /* CGFloat.swift */,
				82BA0D202E4877D6009ECC61 /* Font.swift */,
			);
			path = Extensions;
			sourceTree = "<group>";
		};
		82AF8B6E2E2D2C4000CC3FAD /* NetworkResponse */ = {
			isa = PBXGroup;
			children = (
				82AF8B6B2E2D2C4000CC3FAD /* AdviceResponse.swift */,
				82AF8B6C2E2D2C4000CC3FAD /* CategoriesResponse.swift */,
				82AF8B6D2E2D2C4000CC3FAD /* NetworkResponse.swift */,
			);
			path = NetworkResponse;
			sourceTree = "<group>";
		};
		82AF8B722E2D2C4000CC3FAD /* Request */ = {
			isa = PBXGroup;
			children = (
				82AF8B702E2D2C4000CC3FAD /* Request.swift */,
				82AF8B6F2E2D2C4000CC3FAD /* NetworkRequest.swift */,
				82AF8B712E2D2C4000CC3FAD /* SqueezeRequest.swift */,
			);
			path = Request;
			sourceTree = "<group>";
		};
		82AF8B742E2D2C4000CC3FAD /* NetworkModel */ = {
			isa = PBXGroup;
			children = (
				82AF8B732E2D2C4000CC3FAD /* NetworkModel.swift */,
				82AF8B6E2E2D2C4000CC3FAD /* NetworkResponse */,
				82AF8B722E2D2C4000CC3FAD /* Request */,
			);
			path = NetworkModel;
			sourceTree = "<group>";
		};
		82AF8B772E2D2C4000CC3FAD /* CollectionView */ = {
			isa = PBXGroup;
			children = (
				82AF8B752E2D2C4000CC3FAD /* CollectionView.swift */,
				82AF8B762E2D2C4000CC3FAD /* CollectionViewCell.swift */,
				82BA0D0F2E4816A7009ECC61 /* Model */,
			);
			path = CollectionView;
			sourceTree = "<group>";
		};
		82AF8B782E2D2C4000CC3FAD /* ComponentView */ = {
			isa = PBXGroup;
			children = (
				82719AFE2E5BB4CD00176AE4 /* CircularProgressView.swift */,
				82719B0C2E5CE9D700176AE4 /* LoadingTextualView.swift */,
				82719B102E5DC07400176AE4 /* OverlayNoteView.swift */,
			);
			path = ComponentView;
			sourceTree = "<group>";
		};
		82AF8B7A2E2D2C4000CC3FAD /* View */ = {
			isa = PBXGroup;
			children = (
				82AF8B972E2D584600CC3FAD /* HomeView */,
				82E5706B2E343A8800922F5B /* CardsView */,
				82C5E6182E36D12400A5EE27 /* DBView */,
				8242881D2E305730000E12EB /* RequestParametersView.swift */,
				82BA594B2E301F54009B8913 /* SqueezeView.swift */,
				82E60ABB2E60C693004CAD0C /* SupportView.swift */,
				82719B172E5DF9AB00176AE4 /* SideBarView.swift */,
				82E60ABF2E616167004CAD0C /* ReusableView */,
				82BA594D2E301F7C009B8913 /* ResultView.swift */,
				82CDB7112E5F62DB00EE5CC4 /* TutorialNavigationView */,
				82BA59432E301EFB009B8913 /* TextView.swift */,
				82AF8B9E2E2DD20500CC3FAD /* BaseView */,
				82AF8B782E2D2C4000CC3FAD /* ComponentView */,
			);
			path = View;
			sourceTree = "<group>";
		};
		82AF8B812E2D2C4000CC3FAD /* SqueezeGenerator */ = {
			isa = PBXGroup;
			children = (
				82AF8B7F2E2D2C4000CC3FAD /* SqueezeGeneratorApp.swift */,
				82BA0D182E4873ED009ECC61 /* Configuration */,
				82E570682E342A8100922F5B /* Model */,
				82CDB7142E5F63C600EE5CC4 /* Sevices */,
				82AF8B7A2E2D2C4000CC3FAD /* View */,
				82719B222E5E0E8700176AE4 /* ViewModifier */,
				82AF8B7C2E2D2C4000CC3FAD /* Assets.xcassets */,
				82AF8B7E2E2D2C4000CC3FAD /* SqueezeGenerator.entitlements */,
				82AF8B6A2E2D2C4000CC3FAD /* Extensions */,
			);
			path = SqueezeGenerator;
			sourceTree = "<group>";
		};
		82AF8B972E2D584600CC3FAD /* HomeView */ = {
			isa = PBXGroup;
			children = (
				82AF8B792E2D2C4000CC3FAD /* HomeView.swift */,
				82BA59512E30222D009B8913 /* HomeViewModel.swift */,
				8239CD652E50F137009CBED6 /* Component */,
			);
			path = HomeView;
			sourceTree = "<group>";
		};
		82AF8B9E2E2DD20500CC3FAD /* BaseView */ = {
			isa = PBXGroup;
			children = (
				82AF8B982E2DCE2600CC3FAD /* ClearBackgroundView.swift */,
				82BA0D102E484692009ECC61 /* ScrollReaderModifier.swift */,
				82C5E61B2E36F81E00A5EE27 /* BlurView.swift */,
				82C5E6192E36DB3400A5EE27 /* AttributedLabel.swift */,
				82CDB6F02E5E548600EE5CC4 /* Shape */,
				82A963C02E59F46F00F2A7A4 /* SKScene */,
				82AF8B772E2D2C4000CC3FAD /* CollectionView */,
			);
			path = BaseView;
			sourceTree = "<group>";
		};
		82BA0D0F2E4816A7009ECC61 /* Model */ = {
			isa = PBXGroup;
			children = (
				82BA0D0D2E48168B009ECC61 /* CollectionData.swift */,
			);
			path = Model;
			sourceTree = "<group>";
		};
		82BA0D182E4873ED009ECC61 /* Configuration */ = {
			isa = PBXGroup;
			children = (
				82BA594F2E301FD1009B8913 /* NavigationRout.swift */,
				82AF8B7D2E2D2C4000CC3FAD /* Keys.swift */,
				82BA0D162E4873AD009ECC61 /* Configuration.swift */,
				82BA0D1D2E4876B0009ECC61 /* UI */,
			);
			path = Configuration;
			sourceTree = "<group>";
		};
		82BA0D1D2E4876B0009ECC61 /* UI */ = {
			isa = PBXGroup;
			children = (
				82BA0D192E487428009ECC61 /* Padding_Configuration.swift */,
				82BA0D1E2E4876C5009ECC61 /* Font_Configuration.swift */,
				82BA0D1B2E487447009ECC61 /* Opacity_Configuration.swift */,
			);
			path = UI;
			sourceTree = "<group>";
		};
		82C5E6182E36D12400A5EE27 /* DBView */ = {
			isa = PBXGroup;
			children = (
				82BA59452E301F12009B8913 /* DBCategoriyNavView.swift */,
				822A44332E4019D400B5CF32 /* DBCategoriyView.swift */,
				82BA59492E301F3C009B8913 /* DBDetailView.swift */,
			);
			path = DBView;
			sourceTree = "<group>";
		};
		82CDB6F02E5E548600EE5CC4 /* Shape */ = {
			isa = PBXGroup;
			children = (
				82CDB6EE2E5E545B00EE5CC4 /* MenuIconShape.swift */,
			);
			path = Shape;
			sourceTree = "<group>";
		};
		82CDB7112E5F62DB00EE5CC4 /* TutorialNavigationView */ = {
			isa = PBXGroup;
			children = (
				82CDB70F2E5F62D300EE5CC4 /* TutorialNavigationView.swift */,
			);
			path = TutorialNavigationView;
			sourceTree = "<group>";
		};
		82CDB7142E5F63C600EE5CC4 /* Sevices */ = {
			isa = PBXGroup;
			children = (
				82AF8B7B2E2D2C4000CC3FAD /* LocalDataBaseManager.swift */,
				82CDB7152E5F78B600EE5CC4 /* AppServiceManager.swift */,
				821FF99B2E64B056003E9B3E /* AlertManager.swift */,
				82AF8B802E2D2C4000CC3FAD /* StorekitModel.swift */,
				82CDB7172E5F78E000EE5CC4 /* TutorialManager.swift */,
				82AF8B742E2D2C4000CC3FAD /* NetworkModel */,
			);
			path = Sevices;
			sourceTree = "<group>";
		};
		82CDB71D2E5F98E800EE5CC4 /* BaseModifier */ = {
			isa = PBXGroup;
			children = (
				82CDB71B2E5F81B100EE5CC4 /* TapThroughtModifier.swift */,
			);
			path = BaseModifier;
			sourceTree = "<group>";
		};
		82CDB7222E5FE8A800EE5CC4 /* ComponentView */ = {
			isa = PBXGroup;
			children = (
				82719B0E2E5CEB8E00176AE4 /* CardCompletionView.swift */,
			);
			path = ComponentView;
			sourceTree = "<group>";
		};
		82CDB7232E5FF0E100EE5CC4 /* TutorialModifier */ = {
			isa = PBXGroup;
			children = (
				82CDB7122E5F62FD00EE5CC4 /* TutorialModifier.swift */,
				82CDB7192E5F7B3600EE5CC4 /* TutorialTargetViewModifier.swift */,
			);
			path = TutorialModifier;
			sourceTree = "<group>";
		};
		82E570682E342A8100922F5B /* Model */ = {
			isa = PBXGroup;
			children = (
				82E570662E342A7400922F5B /* CardData.swift */,
				82555A632E46834600B69554 /* ResponsePreviewModel.swift */,
				821FF99F2E64B07E003E9B3E /* AlertContentModel.swift */,
			);
			path = Model;
			sourceTree = "<group>";
		};
		82E5706B2E343A8800922F5B /* CardsView */ = {
			isa = PBXGroup;
			children = (
				82E570642E34203E00922F5B /* CardsView.swift */,
				82E5706C2E343A9100922F5B /* CardsViewModel.swift */,
				82CDB7222E5FE8A800EE5CC4 /* ComponentView */,
				823BCBD92E456487007E542C /* Model */,
			);
			path = CardsView;
			sourceTree = "<group>";
		};
		82E60ABF2E616167004CAD0C /* ReusableView */ = {
			isa = PBXGroup;
			children = (
				82E60ABD2E616160004CAD0C /* AlertView.swift */,
				82E60AB92E60C687004CAD0C /* WebView.swift */,
			);
			path = ReusableView;
			sourceTree = "<group>";
		};
/* End PBXGroup section */

/* Begin PBXNativeTarget section */
		82A441FA2E256DD80086D5CE /* SqueezeGenerator */ = {
			isa = PBXNativeTarget;
			buildConfigurationList = 82A4421D2E256DD90086D5CE /* Build configuration list for PBXNativeTarget "SqueezeGenerator" */;
			buildPhases = (
				82A441F72E256DD80086D5CE /* Sources */,
				82A441F82E256DD80086D5CE /* Frameworks */,
				82A441F92E256DD80086D5CE /* Resources */,
			);
			buildRules = (
			);
			dependencies = (
			);
			name = SqueezeGenerator;
			packageProductDependencies = (
			);
			productName = SqueezeGenerator;
			productReference = 82A441FB2E256DD80086D5CE /* SqueezeGenerator.app */;
			productType = "com.apple.product-type.application";
		};
		82A442082E256DD90086D5CE /* SqueezeGeneratorTests */ = {
			isa = PBXNativeTarget;
			buildConfigurationList = 82A442202E256DD90086D5CE /* Build configuration list for PBXNativeTarget "SqueezeGeneratorTests" */;
			buildPhases = (
				82A442052E256DD90086D5CE /* Sources */,
				82A442062E256DD90086D5CE /* Frameworks */,
				82A442072E256DD90086D5CE /* Resources */,
			);
			buildRules = (
			);
			dependencies = (
				82A4420B2E256DD90086D5CE /* PBXTargetDependency */,
			);
			fileSystemSynchronizedGroups = (
				82A4420C2E256DD90086D5CE /* SqueezeGeneratorTests */,
			);
			name = SqueezeGeneratorTests;
			packageProductDependencies = (
			);
			productName = SqueezeGeneratorTests;
			productReference = 82A442092E256DD90086D5CE /* SqueezeGeneratorTests.xctest */;
			productType = "com.apple.product-type.bundle.unit-test";
		};
		82A442122E256DD90086D5CE /* SqueezeGeneratorUITests */ = {
			isa = PBXNativeTarget;
			buildConfigurationList = 82A442232E256DD90086D5CE /* Build configuration list for PBXNativeTarget "SqueezeGeneratorUITests" */;
			buildPhases = (
				82A4420F2E256DD90086D5CE /* Sources */,
				82A442102E256DD90086D5CE /* Frameworks */,
				82A442112E256DD90086D5CE /* Resources */,
			);
			buildRules = (
			);
			dependencies = (
				82A442152E256DD90086D5CE /* PBXTargetDependency */,
			);
			fileSystemSynchronizedGroups = (
				82A442162E256DD90086D5CE /* SqueezeGeneratorUITests */,
			);
			name = SqueezeGeneratorUITests;
			packageProductDependencies = (
			);
			productName = SqueezeGeneratorUITests;
			productReference = 82A442132E256DD90086D5CE /* SqueezeGeneratorUITests.xctest */;
			productType = "com.apple.product-type.bundle.ui-testing";
		};
/* End PBXNativeTarget section */

/* Begin PBXProject section */
		82A441F32E256DD80086D5CE /* Project object */ = {
			isa = PBXProject;
			attributes = {
				BuildIndependentTargetsInParallel = 1;
				LastSwiftUpdateCheck = 1640;
				LastUpgradeCheck = 1640;
				TargetAttributes = {
					82A441FA2E256DD80086D5CE = {
						CreatedOnToolsVersion = 16.4;
					};
					82A442082E256DD90086D5CE = {
						CreatedOnToolsVersion = 16.4;
						TestTargetID = 82A441FA2E256DD80086D5CE;
					};
					82A442122E256DD90086D5CE = {
						CreatedOnToolsVersion = 16.4;
						TestTargetID = 82A441FA2E256DD80086D5CE;
					};
				};
			};
			buildConfigurationList = 82A441F62E256DD80086D5CE /* Build configuration list for PBXProject "SqueezeGenerator" */;
			developmentRegion = en;
			hasScannedForEncodings = 0;
			knownRegions = (
				en,
				Base,
			);
			mainGroup = 82A441F22E256DD80086D5CE;
			minimizedProjectReferenceProxies = 1;
			preferredProjectObjectVersion = 77;
			productRefGroup = 82A441FC2E256DD80086D5CE /* Products */;
			projectDirPath = "";
			projectRoot = "";
			targets = (
				82A441FA2E256DD80086D5CE /* SqueezeGenerator */,
				82A442082E256DD90086D5CE /* SqueezeGeneratorTests */,
				82A442122E256DD90086D5CE /* SqueezeGeneratorUITests */,
			);
		};
/* End PBXProject section */

/* Begin PBXResourcesBuildPhase section */
		82A441F92E256DD80086D5CE /* Resources */ = {
			isa = PBXResourcesBuildPhase;
			buildActionMask = 2147483647;
			files = (
				82AF8B922E2D2C4000CC3FAD /* Assets.xcassets in Resources */,
			);
			runOnlyForDeploymentPostprocessing = 0;
		};
		82A442072E256DD90086D5CE /* Resources */ = {
			isa = PBXResourcesBuildPhase;
			buildActionMask = 2147483647;
			files = (
			);
			runOnlyForDeploymentPostprocessing = 0;
		};
		82A442112E256DD90086D5CE /* Resources */ = {
			isa = PBXResourcesBuildPhase;
			buildActionMask = 2147483647;
			files = (
			);
			runOnlyForDeploymentPostprocessing = 0;
		};
/* End PBXResourcesBuildPhase section */

/* Begin PBXSourcesBuildPhase section */
		82A441F72E256DD80086D5CE /* Sources */ = {
			isa = PBXSourcesBuildPhase;
			buildActionMask = 2147483647;
			files = (
				82AF8B992E2DCE2600CC3FAD /* ClearBackgroundView.swift in Sources */,
				82555A642E46834600B69554 /* ResponsePreviewModel.swift in Sources */,
				82AF8B962E2D51D900CC3FAD /* HomeBackgroundView.swift in Sources */,
				82AF8B822E2D2C4000CC3FAD /* Decodable+Encodable.swift in Sources */,
				82E570652E34203F00922F5B /* CardsView.swift in Sources */,
				82E60ABC2E60C693004CAD0C /* SupportView.swift in Sources */,
				82E60AC52E62405A004CAD0C /* NavigationBackgroundModifier.swift in Sources */,
				821FF9A62E64B0C2003E9B3E /* UIWindow.swift in Sources */,
				82AF8B832E2D2C4000CC3FAD /* String.swift in Sources */,
				82CDB7132E5F62FD00EE5CC4 /* TutorialModifier.swift in Sources */,
				82CDB7162E5F78B600EE5CC4 /* AppServiceManager.swift in Sources */,
				82719B162E5DF84200176AE4 /* SidebarModifier.swift in Sources */,
				82AF8B842E2D2C4000CC3FAD /* AdviceResponse.swift in Sources */,
				82AF8B852E2D2C4000CC3FAD /* CategoriesResponse.swift in Sources */,
				82BA0D1A2E487428009ECC61 /* Padding_Configuration.swift in Sources */,
				82BA0D152E48737F009ECC61 /* CGFloat.swift in Sources */,
				82AF8B862E2D2C4000CC3FAD /* NetworkResponse.swift in Sources */,
				823BCBD82E456482007E542C /* ScrollSized.swift in Sources */,
				822A44322E400EC500B5CF32 /* UIApplication.swift in Sources */,
				82C5E61A2E36DB3400A5EE27 /* AttributedLabel.swift in Sources */,
				82BA0D1C2E487447009ECC61 /* Opacity_Configuration.swift in Sources */,
				82CDB7182E5F78E000EE5CC4 /* TutorialManager.swift in Sources */,
				82E5706D2E343A9100922F5B /* CardsViewModel.swift in Sources */,
				82BA59502E301FD1009B8913 /* NavigationRout.swift in Sources */,
				82BA0D112E484692009ECC61 /* ScrollReaderModifier.swift in Sources */,
				82CDB6EF2E5E545B00EE5CC4 /* MenuIconShape.swift in Sources */,
				82AF8B872E2D2C4000CC3FAD /* NetworkRequest.swift in Sources */,
				82CE1E872E4FE09C008F28E8 /* HomeIllustrutionView.swift in Sources */,
				82BA0D172E4873AD009ECC61 /* Configuration.swift in Sources */,
				82CDB71A2E5F7B3600EE5CC4 /* TutorialTargetViewModifier.swift in Sources */,
				8239CD6A2E50F2E4009CBED6 /* ContentHomeCollectionView.swift in Sources */,
				82C5E61C2E36F81E00A5EE27 /* BlurView.swift in Sources */,
				8242881E2E305730000E12EB /* RequestParametersView.swift in Sources */,
				82719B0D2E5CE9D700176AE4 /* LoadingTextualView.swift in Sources */,
				82BA59522E30222D009B8913 /* HomeViewModel.swift in Sources */,
				82AF8B882E2D2C4000CC3FAD /* Request.swift in Sources */,
				82E60ABA2E60C687004CAD0C /* WebView.swift in Sources */,
				821FF9B82E64B322003E9B3E /* AlertModifier.swift in Sources */,
				82BA59442E301EFB009B8913 /* TextView.swift in Sources */,
				821FF9AA2E64B10C003E9B3E /* UIViewController.swift in Sources */,
				82E570672E342A7400922F5B /* CardData.swift in Sources */,
				82BA0D212E4877D6009ECC61 /* Font.swift in Sources */,
				822A44342E4019D400B5CF32 /* DBCategoriyView.swift in Sources */,
				82AF8B892E2D2C4000CC3FAD /* SqueezeRequest.swift in Sources */,
				821FF9A82E64B0F2003E9B3E /* UINavigationController.swift in Sources */,
				82BA594E2E301F7C009B8913 /* ResultView.swift in Sources */,
				82AF8B8A2E2D2C4000CC3FAD /* NetworkModel.swift in Sources */,
				82719B0F2E5CEB8E00176AE4 /* CardCompletionView.swift in Sources */,
				82BA0D1F2E4876C5009ECC61 /* Font_Configuration.swift in Sources */,
				82A963BF2E59F45400F2A7A4 /* StartsSKSceneView.swift in Sources */,
				82719B182E5DF9AB00176AE4 /* SideBarView.swift in Sources */,
				82AF8B8B2E2D2C4000CC3FAD /* CollectionView.swift in Sources */,
				82E60ABE2E616160004CAD0C /* AlertView.swift in Sources */,
				82E5706A2E342AC100922F5B /* UIColor.swift in Sources */,
				821FF9A02E64B07E003E9B3E /* AlertContentModel.swift in Sources */,
				82BA59462E301F12009B8913 /* DBCategoriyNavView.swift in Sources */,
				82AF8B8C2E2D2C4000CC3FAD /* CollectionViewCell.swift in Sources */,
				821FF99C2E64B056003E9B3E /* AlertManager.swift in Sources */,
				82719B112E5DC07400176AE4 /* OverlayNoteView.swift in Sources */,
				82BA594C2E301F54009B8913 /* SqueezeView.swift in Sources */,
				82719B242E5E0E9A00176AE4 /* PinchMaskedScrollModifierModel.swift in Sources */,
				82BA0D132E487230009ECC61 /* View.swift in Sources */,
				82BA594A2E301F3C009B8913 /* DBDetailView.swift in Sources */,
				82AF8B8D2E2D2C4000CC3FAD /* HomeView.swift in Sources */,
				8239CD672E50F1D7009CBED6 /* HomeCollectionView.swift in Sources */,
				82AF8B8E2E2D2C4000CC3FAD /* LocalDataBaseManager.swift in Sources */,
				82CDB71C2E5F81B100EE5CC4 /* TapThroughtModifier.swift in Sources */,
				82CDB7102E5F62D300EE5CC4 /* TutorialNavigationView.swift in Sources */,
				82AF8B8F2E2D2C4000CC3FAD /* Keys.swift in Sources */,
				82BA0D0E2E48168B009ECC61 /* CollectionData.swift in Sources */,
				82AF8B902E2D2C4000CC3FAD /* SqueezeGeneratorApp.swift in Sources */,
				82719AFF2E5BB4CD00176AE4 /* CircularProgressView.swift in Sources */,
				82AF8B912E2D2C4000CC3FAD /* StorekitModel.swift in Sources */,
			);
			runOnlyForDeploymentPostprocessing = 0;
		};
		82A442052E256DD90086D5CE /* Sources */ = {
			isa = PBXSourcesBuildPhase;
			buildActionMask = 2147483647;
			files = (
			);
			runOnlyForDeploymentPostprocessing = 0;
		};
		82A4420F2E256DD90086D5CE /* Sources */ = {
			isa = PBXSourcesBuildPhase;
			buildActionMask = 2147483647;
			files = (
			);
			runOnlyForDeploymentPostprocessing = 0;
		};
/* End PBXSourcesBuildPhase section */

/* Begin PBXTargetDependency section */
		82A4420B2E256DD90086D5CE /* PBXTargetDependency */ = {
			isa = PBXTargetDependency;
			target = 82A441FA2E256DD80086D5CE /* SqueezeGenerator */;
			targetProxy = 82A4420A2E256DD90086D5CE /* PBXContainerItemProxy */;
		};
		82A442152E256DD90086D5CE /* PBXTargetDependency */ = {
			isa = PBXTargetDependency;
			target = 82A441FA2E256DD80086D5CE /* SqueezeGenerator */;
			targetProxy = 82A442142E256DD90086D5CE /* PBXContainerItemProxy */;
		};
/* End PBXTargetDependency section */

/* Begin XCBuildConfiguration section */
		82A4421B2E256DD90086D5CE /* Debug */ = {
			isa = XCBuildConfiguration;
			buildSettings = {
				ALWAYS_SEARCH_USER_PATHS = NO;
				ASSETCATALOG_COMPILER_GENERATE_SWIFT_ASSET_SYMBOL_EXTENSIONS = YES;
				CLANG_ANALYZER_NONNULL = YES;
				CLANG_ANALYZER_NUMBER_OBJECT_CONVERSION = YES_AGGRESSIVE;
				CLANG_CXX_LANGUAGE_STANDARD = "gnu++20";
				CLANG_ENABLE_MODULES = YES;
				CLANG_ENABLE_OBJC_ARC = YES;
				CLANG_ENABLE_OBJC_WEAK = YES;
				CLANG_WARN_BLOCK_CAPTURE_AUTORELEASING = YES;
				CLANG_WARN_BOOL_CONVERSION = YES;
				CLANG_WARN_COMMA = YES;
				CLANG_WARN_CONSTANT_CONVERSION = YES;
				CLANG_WARN_DEPRECATED_OBJC_IMPLEMENTATIONS = YES;
				CLANG_WARN_DIRECT_OBJC_ISA_USAGE = YES_ERROR;
				CLANG_WARN_DOCUMENTATION_COMMENTS = YES;
				CLANG_WARN_EMPTY_BODY = YES;
				CLANG_WARN_ENUM_CONVERSION = YES;
				CLANG_WARN_INFINITE_RECURSION = YES;
				CLANG_WARN_INT_CONVERSION = YES;
				CLANG_WARN_NON_LITERAL_NULL_CONVERSION = YES;
				CLANG_WARN_OBJC_IMPLICIT_RETAIN_SELF = YES;
				CLANG_WARN_OBJC_LITERAL_CONVERSION = YES;
				CLANG_WARN_OBJC_ROOT_CLASS = YES_ERROR;
				CLANG_WARN_QUOTED_INCLUDE_IN_FRAMEWORK_HEADER = YES;
				CLANG_WARN_RANGE_LOOP_ANALYSIS = YES;
				CLANG_WARN_STRICT_PROTOTYPES = YES;
				CLANG_WARN_SUSPICIOUS_MOVE = YES;
				CLANG_WARN_UNGUARDED_AVAILABILITY = YES_AGGRESSIVE;
				CLANG_WARN_UNREACHABLE_CODE = YES;
				CLANG_WARN__DUPLICATE_METHOD_MATCH = YES;
				COPY_PHASE_STRIP = NO;
				DEBUG_INFORMATION_FORMAT = dwarf;
				DEVELOPMENT_TEAM = FQA2XH9ZUM;
				ENABLE_STRICT_OBJC_MSGSEND = YES;
				ENABLE_TESTABILITY = YES;
				ENABLE_USER_SCRIPT_SANDBOXING = YES;
				GCC_C_LANGUAGE_STANDARD = gnu17;
				GCC_DYNAMIC_NO_PIC = NO;
				GCC_NO_COMMON_BLOCKS = YES;
				GCC_OPTIMIZATION_LEVEL = 0;
				GCC_PREPROCESSOR_DEFINITIONS = (
					"DEBUG=1",
					"$(inherited)",
				);
				GCC_WARN_64_TO_32_BIT_CONVERSION = YES;
				GCC_WARN_ABOUT_RETURN_TYPE = YES_ERROR;
				GCC_WARN_UNDECLARED_SELECTOR = YES;
				GCC_WARN_UNINITIALIZED_AUTOS = YES_AGGRESSIVE;
				GCC_WARN_UNUSED_FUNCTION = YES;
				GCC_WARN_UNUSED_VARIABLE = YES;
				LOCALIZATION_PREFERS_STRING_CATALOGS = YES;
				MTL_ENABLE_DEBUG_INFO = INCLUDE_SOURCE;
				MTL_FAST_MATH = YES;
				ONLY_ACTIVE_ARCH = YES;
				SWIFT_ACTIVE_COMPILATION_CONDITIONS = "DEBUG $(inherited)";
				SWIFT_OPTIMIZATION_LEVEL = "-Onone";
			};
			name = Debug;
		};
		82A4421C2E256DD90086D5CE /* Release */ = {
			isa = XCBuildConfiguration;
			buildSettings = {
				ALWAYS_SEARCH_USER_PATHS = NO;
				ASSETCATALOG_COMPILER_GENERATE_SWIFT_ASSET_SYMBOL_EXTENSIONS = YES;
				CLANG_ANALYZER_NONNULL = YES;
				CLANG_ANALYZER_NUMBER_OBJECT_CONVERSION = YES_AGGRESSIVE;
				CLANG_CXX_LANGUAGE_STANDARD = "gnu++20";
				CLANG_ENABLE_MODULES = YES;
				CLANG_ENABLE_OBJC_ARC = YES;
				CLANG_ENABLE_OBJC_WEAK = YES;
				CLANG_WARN_BLOCK_CAPTURE_AUTORELEASING = YES;
				CLANG_WARN_BOOL_CONVERSION = YES;
				CLANG_WARN_COMMA = YES;
				CLANG_WARN_CONSTANT_CONVERSION = YES;
				CLANG_WARN_DEPRECATED_OBJC_IMPLEMENTATIONS = YES;
				CLANG_WARN_DIRECT_OBJC_ISA_USAGE = YES_ERROR;
				CLANG_WARN_DOCUMENTATION_COMMENTS = YES;
				CLANG_WARN_EMPTY_BODY = YES;
				CLANG_WARN_ENUM_CONVERSION = YES;
				CLANG_WARN_INFINITE_RECURSION = YES;
				CLANG_WARN_INT_CONVERSION = YES;
				CLANG_WARN_NON_LITERAL_NULL_CONVERSION = YES;
				CLANG_WARN_OBJC_IMPLICIT_RETAIN_SELF = YES;
				CLANG_WARN_OBJC_LITERAL_CONVERSION = YES;
				CLANG_WARN_OBJC_ROOT_CLASS = YES_ERROR;
				CLANG_WARN_QUOTED_INCLUDE_IN_FRAMEWORK_HEADER = YES;
				CLANG_WARN_RANGE_LOOP_ANALYSIS = YES;
				CLANG_WARN_STRICT_PROTOTYPES = YES;
				CLANG_WARN_SUSPICIOUS_MOVE = YES;
				CLANG_WARN_UNGUARDED_AVAILABILITY = YES_AGGRESSIVE;
				CLANG_WARN_UNREACHABLE_CODE = YES;
				CLANG_WARN__DUPLICATE_METHOD_MATCH = YES;
				COPY_PHASE_STRIP = NO;
				DEBUG_INFORMATION_FORMAT = "dwarf-with-dsym";
				DEVELOPMENT_TEAM = FQA2XH9ZUM;
				ENABLE_NS_ASSERTIONS = NO;
				ENABLE_STRICT_OBJC_MSGSEND = YES;
				ENABLE_USER_SCRIPT_SANDBOXING = YES;
				GCC_C_LANGUAGE_STANDARD = gnu17;
				GCC_NO_COMMON_BLOCKS = YES;
				GCC_WARN_64_TO_32_BIT_CONVERSION = YES;
				GCC_WARN_ABOUT_RETURN_TYPE = YES_ERROR;
				GCC_WARN_UNDECLARED_SELECTOR = YES;
				GCC_WARN_UNINITIALIZED_AUTOS = YES_AGGRESSIVE;
				GCC_WARN_UNUSED_FUNCTION = YES;
				GCC_WARN_UNUSED_VARIABLE = YES;
				LOCALIZATION_PREFERS_STRING_CATALOGS = YES;
				MTL_ENABLE_DEBUG_INFO = NO;
				MTL_FAST_MATH = YES;
				SWIFT_COMPILATION_MODE = wholemodule;
			};
			name = Release;
		};
		82A4421E2E256DD90086D5CE /* Debug */ = {
			isa = XCBuildConfiguration;
			buildSettings = {
				ASSETCATALOG_COMPILER_APPICON_NAME = AppIcon;
				ASSETCATALOG_COMPILER_GLOBAL_ACCENT_COLOR_NAME = AccentColor;
				CODE_SIGN_ENTITLEMENTS = SqueezeGenerator/SqueezeGenerator.entitlements;
				CODE_SIGN_STYLE = Automatic;
				CURRENT_PROJECT_VERSION = 1;
				DEVELOPMENT_TEAM = FQA2XH9ZUM;
				ENABLE_HARDENED_RUNTIME = YES;
				ENABLE_PREVIEWS = YES;
				GENERATE_INFOPLIST_FILE = YES;
				"INFOPLIST_KEY_UIApplicationSceneManifest_Generation[sdk=iphoneos*]" = YES;
				"INFOPLIST_KEY_UIApplicationSceneManifest_Generation[sdk=iphonesimulator*]" = YES;
				"INFOPLIST_KEY_UIApplicationSupportsIndirectInputEvents[sdk=iphoneos*]" = YES;
				"INFOPLIST_KEY_UIApplicationSupportsIndirectInputEvents[sdk=iphonesimulator*]" = YES;
				"INFOPLIST_KEY_UILaunchScreen_Generation[sdk=iphoneos*]" = YES;
				"INFOPLIST_KEY_UILaunchScreen_Generation[sdk=iphonesimulator*]" = YES;
				INFOPLIST_KEY_UIStatusBarStyle = UIStatusBarStyleDarkContent;
				"INFOPLIST_KEY_UIStatusBarStyle[sdk=iphoneos*]" = UIStatusBarStyleDefault;
				"INFOPLIST_KEY_UIStatusBarStyle[sdk=iphonesimulator*]" = UIStatusBarStyleDefault;
				INFOPLIST_KEY_UISupportedInterfaceOrientations_iPad = "UIInterfaceOrientationPortrait UIInterfaceOrientationPortraitUpsideDown UIInterfaceOrientationLandscapeLeft UIInterfaceOrientationLandscapeRight";
				INFOPLIST_KEY_UISupportedInterfaceOrientations_iPhone = "UIInterfaceOrientationPortrait UIInterfaceOrientationLandscapeLeft UIInterfaceOrientationLandscapeRight";
				IPHONEOS_DEPLOYMENT_TARGET = 16;
				LD_RUNPATH_SEARCH_PATHS = "@executable_path/Frameworks";
				"LD_RUNPATH_SEARCH_PATHS[sdk=macosx*]" = "@executable_path/../Frameworks";
				MACOSX_DEPLOYMENT_TARGET = 11;
				MARKETING_VERSION = 1.0;
				PRODUCT_BUNDLE_IDENTIFIER = com.mishadovhiy.SqueezeGenerator;
				PRODUCT_NAME = "$(TARGET_NAME)";
				REGISTER_APP_GROUPS = YES;
				SDKROOT = auto;
				SUPPORTED_PLATFORMS = "iphoneos iphonesimulator macosx xros xrsimulator";
				SWIFT_EMIT_LOC_STRINGS = YES;
				SWIFT_VERSION = 5.0;
				TARGETED_DEVICE_FAMILY = "1,2,7";
				XROS_DEPLOYMENT_TARGET = 1;
			};
			name = Debug;
		};
		82A4421F2E256DD90086D5CE /* Release */ = {
			isa = XCBuildConfiguration;
			buildSettings = {
				ASSETCATALOG_COMPILER_APPICON_NAME = AppIcon;
				ASSETCATALOG_COMPILER_GLOBAL_ACCENT_COLOR_NAME = AccentColor;
				CODE_SIGN_ENTITLEMENTS = SqueezeGenerator/SqueezeGenerator.entitlements;
				CODE_SIGN_STYLE = Automatic;
				CURRENT_PROJECT_VERSION = 1;
				DEVELOPMENT_TEAM = FQA2XH9ZUM;
				ENABLE_HARDENED_RUNTIME = YES;
				ENABLE_PREVIEWS = YES;
				GENERATE_INFOPLIST_FILE = YES;
				"INFOPLIST_KEY_UIApplicationSceneManifest_Generation[sdk=iphoneos*]" = YES;
				"INFOPLIST_KEY_UIApplicationSceneManifest_Generation[sdk=iphonesimulator*]" = YES;
				"INFOPLIST_KEY_UIApplicationSupportsIndirectInputEvents[sdk=iphoneos*]" = YES;
				"INFOPLIST_KEY_UIApplicationSupportsIndirectInputEvents[sdk=iphonesimulator*]" = YES;
				"INFOPLIST_KEY_UILaunchScreen_Generation[sdk=iphoneos*]" = YES;
				"INFOPLIST_KEY_UILaunchScreen_Generation[sdk=iphonesimulator*]" = YES;
				INFOPLIST_KEY_UIStatusBarStyle = UIStatusBarStyleDarkContent;
				"INFOPLIST_KEY_UIStatusBarStyle[sdk=iphoneos*]" = UIStatusBarStyleDefault;
				"INFOPLIST_KEY_UIStatusBarStyle[sdk=iphonesimulator*]" = UIStatusBarStyleDefault;
				INFOPLIST_KEY_UISupportedInterfaceOrientations_iPad = "UIInterfaceOrientationPortrait UIInterfaceOrientationPortraitUpsideDown UIInterfaceOrientationLandscapeLeft UIInterfaceOrientationLandscapeRight";
				INFOPLIST_KEY_UISupportedInterfaceOrientations_iPhone = "UIInterfaceOrientationPortrait UIInterfaceOrientationLandscapeLeft UIInterfaceOrientationLandscapeRight";
				IPHONEOS_DEPLOYMENT_TARGET = 16;
				LD_RUNPATH_SEARCH_PATHS = "@executable_path/Frameworks";
				"LD_RUNPATH_SEARCH_PATHS[sdk=macosx*]" = "@executable_path/../Frameworks";
				MACOSX_DEPLOYMENT_TARGET = 11;
				MARKETING_VERSION = 1.0;
				PRODUCT_BUNDLE_IDENTIFIER = com.mishadovhiy.SqueezeGenerator;
				PRODUCT_NAME = "$(TARGET_NAME)";
				REGISTER_APP_GROUPS = YES;
				SDKROOT = auto;
				SUPPORTED_PLATFORMS = "iphoneos iphonesimulator macosx xros xrsimulator";
				SWIFT_EMIT_LOC_STRINGS = YES;
				SWIFT_VERSION = 5.0;
				TARGETED_DEVICE_FAMILY = "1,2,7";
				XROS_DEPLOYMENT_TARGET = 1;
			};
			name = Release;
		};
		82A442212E256DD90086D5CE /* Debug */ = {
			isa = XCBuildConfiguration;
			buildSettings = {
				BUNDLE_LOADER = "$(TEST_HOST)";
				CODE_SIGN_STYLE = Automatic;
				CURRENT_PROJECT_VERSION = 1;
				DEVELOPMENT_TEAM = FQA2XH9ZUM;
				GENERATE_INFOPLIST_FILE = YES;
				IPHONEOS_DEPLOYMENT_TARGET = 18.5;
				MACOSX_DEPLOYMENT_TARGET = 15.5;
				MARKETING_VERSION = 1.0;
				PRODUCT_BUNDLE_IDENTIFIER = com.mishadovhiy.SqueezeGeneratorTests;
				PRODUCT_NAME = "$(TARGET_NAME)";
				SDKROOT = auto;
				SUPPORTED_PLATFORMS = "iphoneos iphonesimulator macosx xros xrsimulator";
				SWIFT_EMIT_LOC_STRINGS = NO;
				SWIFT_VERSION = 5.0;
				TARGETED_DEVICE_FAMILY = "1,2,7";
				TEST_HOST = "$(BUILT_PRODUCTS_DIR)/SqueezeGenerator.app/$(BUNDLE_EXECUTABLE_FOLDER_PATH)/SqueezeGenerator";
				XROS_DEPLOYMENT_TARGET = 2.5;
			};
			name = Debug;
		};
		82A442222E256DD90086D5CE /* Release */ = {
			isa = XCBuildConfiguration;
			buildSettings = {
				BUNDLE_LOADER = "$(TEST_HOST)";
				CODE_SIGN_STYLE = Automatic;
				CURRENT_PROJECT_VERSION = 1;
				DEVELOPMENT_TEAM = FQA2XH9ZUM;
				GENERATE_INFOPLIST_FILE = YES;
				IPHONEOS_DEPLOYMENT_TARGET = 18.5;
				MACOSX_DEPLOYMENT_TARGET = 15.5;
				MARKETING_VERSION = 1.0;
				PRODUCT_BUNDLE_IDENTIFIER = com.mishadovhiy.SqueezeGeneratorTests;
				PRODUCT_NAME = "$(TARGET_NAME)";
				SDKROOT = auto;
				SUPPORTED_PLATFORMS = "iphoneos iphonesimulator macosx xros xrsimulator";
				SWIFT_EMIT_LOC_STRINGS = NO;
				SWIFT_VERSION = 5.0;
				TARGETED_DEVICE_FAMILY = "1,2,7";
				TEST_HOST = "$(BUILT_PRODUCTS_DIR)/SqueezeGenerator.app/$(BUNDLE_EXECUTABLE_FOLDER_PATH)/SqueezeGenerator";
				XROS_DEPLOYMENT_TARGET = 2.5;
			};
			name = Release;
		};
		82A442242E256DD90086D5CE /* Debug */ = {
			isa = XCBuildConfiguration;
			buildSettings = {
				CODE_SIGN_STYLE = Automatic;
				CURRENT_PROJECT_VERSION = 1;
				DEVELOPMENT_TEAM = FQA2XH9ZUM;
				GENERATE_INFOPLIST_FILE = YES;
				IPHONEOS_DEPLOYMENT_TARGET = 18.5;
				MACOSX_DEPLOYMENT_TARGET = 15.5;
				MARKETING_VERSION = 1.0;
				PRODUCT_BUNDLE_IDENTIFIER = com.mishadovhiy.SqueezeGeneratorUITests;
				PRODUCT_NAME = "$(TARGET_NAME)";
				SDKROOT = auto;
				SUPPORTED_PLATFORMS = "iphoneos iphonesimulator macosx xros xrsimulator";
				SWIFT_EMIT_LOC_STRINGS = NO;
				SWIFT_VERSION = 5.0;
				TARGETED_DEVICE_FAMILY = "1,2,7";
				TEST_TARGET_NAME = SqueezeGenerator;
				XROS_DEPLOYMENT_TARGET = 2.5;
			};
			name = Debug;
		};
		82A442252E256DD90086D5CE /* Release */ = {
			isa = XCBuildConfiguration;
			buildSettings = {
				CODE_SIGN_STYLE = Automatic;
				CURRENT_PROJECT_VERSION = 1;
				DEVELOPMENT_TEAM = FQA2XH9ZUM;
				GENERATE_INFOPLIST_FILE = YES;
				IPHONEOS_DEPLOYMENT_TARGET = 18.5;
				MACOSX_DEPLOYMENT_TARGET = 15.5;
				MARKETING_VERSION = 1.0;
				PRODUCT_BUNDLE_IDENTIFIER = com.mishadovhiy.SqueezeGeneratorUITests;
				PRODUCT_NAME = "$(TARGET_NAME)";
				SDKROOT = auto;
				SUPPORTED_PLATFORMS = "iphoneos iphonesimulator macosx xros xrsimulator";
				SWIFT_EMIT_LOC_STRINGS = NO;
				SWIFT_VERSION = 5.0;
				TARGETED_DEVICE_FAMILY = "1,2,7";
				TEST_TARGET_NAME = SqueezeGenerator;
				XROS_DEPLOYMENT_TARGET = 2.5;
			};
			name = Release;
		};
/* End XCBuildConfiguration section */

/* Begin XCConfigurationList section */
		82A441F62E256DD80086D5CE /* Build configuration list for PBXProject "SqueezeGenerator" */ = {
			isa = XCConfigurationList;
			buildConfigurations = (
				82A4421B2E256DD90086D5CE /* Debug */,
				82A4421C2E256DD90086D5CE /* Release */,
			);
			defaultConfigurationIsVisible = 0;
			defaultConfigurationName = Release;
		};
		82A4421D2E256DD90086D5CE /* Build configuration list for PBXNativeTarget "SqueezeGenerator" */ = {
			isa = XCConfigurationList;
			buildConfigurations = (
				82A4421E2E256DD90086D5CE /* Debug */,
				82A4421F2E256DD90086D5CE /* Release */,
			);
			defaultConfigurationIsVisible = 0;
			defaultConfigurationName = Release;
		};
		82A442202E256DD90086D5CE /* Build configuration list for PBXNativeTarget "SqueezeGeneratorTests" */ = {
			isa = XCConfigurationList;
			buildConfigurations = (
				82A442212E256DD90086D5CE /* Debug */,
				82A442222E256DD90086D5CE /* Release */,
			);
			defaultConfigurationIsVisible = 0;
			defaultConfigurationName = Release;
		};
		82A442232E256DD90086D5CE /* Build configuration list for PBXNativeTarget "SqueezeGeneratorUITests" */ = {
			isa = XCConfigurationList;
			buildConfigurations = (
				82A442242E256DD90086D5CE /* Debug */,
				82A442252E256DD90086D5CE /* Release */,
			);
			defaultConfigurationIsVisible = 0;
			defaultConfigurationName = Release;
		};
/* End XCConfigurationList section */
	};
	rootObject = 82A441F32E256DD80086D5CE /* Project object */;
}
